{
  "version": "4",
  "specifiers": {
    "jsr:@std/assert@1": "1.0.7",
    "jsr:@std/assert@^1.0.7": "1.0.7",
    "jsr:@std/expect@*": "1.0.7",
    "jsr:@std/fs@*": "1.0.5",
    "jsr:@std/fs@^1.0.5": "1.0.5",
    "jsr:@std/internal@^1.0.5": "1.0.5",
    "jsr:@std/path@^1.0.7": "1.0.8",
    "npm:@commander-js/extra-typings@12.1.0": "12.1.0_commander@12.1.0",
    "npm:commander@7.2.0": "7.2.0"
  },
  "jsr": {
    "@std/assert@1.0.7": {
      "integrity": "64ce9fac879e0b9f3042a89b3c3f8ccfc9c984391af19e2087513a79d73e28c3",
      "dependencies": [
        "jsr:@std/internal"
      ]
    },
    "@std/expect@1.0.7": {
      "integrity": "3904afa77cfe5c45dd2cd2c476e6fc5b6f57103d712890f0783d74c19d4b05a9",
      "dependencies": [
        "jsr:@std/assert@^1.0.7",
        "jsr:@std/internal"
      ]
    },
    "@std/fs@1.0.5": {
      "integrity": "41806ad6823d0b5f275f9849a2640d87e4ef67c51ee1b8fb02426f55e02fd44e",
      "dependencies": [
        "jsr:@std/path"
      ]
    },
    "@std/internal@1.0.5": {
      "integrity": "54a546004f769c1ac9e025abd15a76b6671ddc9687e2313b67376125650dc7ba"
    },
    "@std/path@1.0.8": {
      "integrity": "548fa456bb6a04d3c1a1e7477986b6cffbce95102d0bb447c67c4ee70e0364be"
    }
  },
  "npm": {
    "@commander-js/extra-typings@12.1.0_commander@12.1.0": {
      "integrity": "sha512-wf/lwQvWAA0goIghcb91dQYpkLBcyhOhQNqG/VgWhnKzgt+UOMvra7EX/2fv70arm5RW+PUHoQHHDa6/p77Eqg==",
      "dependencies": [
        "commander@12.1.0"
      ]
    },
    "commander@12.1.0": {
      "integrity": "sha512-Vw8qHK3bZM9y/P10u3Vib8o/DdkvA2OtPtZvD871QKjy74Wj1WSKFILMPRPSdUSx5RFK1arlJzEtA4PkFgnbuA=="
    },
    "commander@7.2.0": {
      "integrity": "sha512-QrWXB+ZQSVPmIWIhtEO9H+gwHaMGYiF5ChvoJ+K9ZGHG/sVsa6yiesAD1GC/x46sET00Xlwo1u49RVVVzvcSkw=="
    }
  },
  "workspace": {
    "dependencies": [
      "jsr:@std/assert@1"
    ],
    "members": {
      "packages/cli": {
        "dependencies": [
          "jsr:@std/assert@1",
          "npm:@commander-js/extra-typings@12.1.0"
        ]
      },
      "packages/core": {
        "dependencies": [
          "jsr:@std/fs@^1.0.5"
        ]
      }
    }
  }
}
